{
  "name": "@sleepr/notifications",
  "version": "1.0.0",
  "lockfileVersion": 3,
  "requires": true,
  "packages": {
    "": {
      "name": "@sleepr/notifications",
      "version": "1.0.0",
      "license": "ISC",
      "dependencies": {
        "nodemailer": "^6.9.1"
      },
      "devDependencies": {
        "@types/nodemailer": "^6.4.7"
      }
    },
    "node_modules/@types/node": {
      "version": "20.3.3",
      "resolved": "https://registry.npmjs.org/@types/node/-/node-20.3.3.tgz",
      "integrity": "sha512-wheIYdr4NYML61AjC8MKj/2jrR/kDQri/CIpVoZwldwhnIrD/j9jIU5bJ8yBKuB2VhpFV7Ab6G2XkBjv9r9Zzw==",
      "dev": true
    },
    "node_modules/@types/nodemailer": {
      "version": "6.4.8",
      "resolved": "https://registry.npmjs.org/@types/nodemailer/-/nodemailer-6.4.8.tgz",
      "integrity": "sha512-oVsJSCkqViCn8/pEu2hfjwVO+Gb3e+eTWjg3PcjeFKRItfKpKwHphQqbYmPQrlMk+op7pNNWPbsJIEthpFN/OQ==",
      "dev": true,
      "dependencies": {
        "@types/node": "*"
      }
    },
    "node_modules/nodemailer": {
      "version": "6.9.3",
      "resolved": "https://registry.npmjs.org/nodemailer/-/nodemailer-6.9.3.tgz",
      "integrity": "sha512-fy9v3NgTzBngrMFkDsKEj0r02U7jm6XfC3b52eoNV+GCrGj+s8pt5OqhiJdWKuw51zCTdiNR/IUD1z33LIIGpg==",
      "engines": {
        "node": ">=6.0.0"
      }
    }
  }
}
